
Microsoft Visual Studio Solution File, Format Version 12.00
# Visual Studio Version 17
VisualStudioVersion = 17.12.35514.174
MinimumVisualStudioVersion = 10.0.40219.1
Project("{2150E333-8FDC-42A3-9474-1A3956D46DE8}") = "Solution Items", "Solution Items", "{EA786244-CD55-4B6D-83FA-7ED1D0246FDE}"
	ProjectSection(SolutionItems) = preProject
		.editorconfig = .editorconfig
		.gitignore = .gitignore
	EndProjectSection
EndProject
Project("{2150E333-8FDC-42A3-9474-1A3956D46DE8}") = "src", "src", "{19C6FF6F-E781-461E-992D-8A873B5EDB60}"
EndProject
Project("{FAE04EC0-301F-11D3-BF4B-00C04F79EFBC}") = "MIDASM.API", "src\MIDASM.API\MIDASM.API.csproj", "{3E76FD1B-A126-461F-81F0-629FC5333E8E}"
EndProject
Project("{FAE04EC0-301F-11D3-BF4B-00C04F79EFBC}") = "MIDASM.Application", "src\MIDASM.Application\MIDASM.Application.csproj", "{DFD498F7-7D2E-4786-87AF-3E37CB71F860}"
EndProject
Project("{FAE04EC0-301F-11D3-BF4B-00C04F79EFBC}") = "MIDASM.Contract", "src\MIDASM.Contract\MIDASM.Contract.csproj", "{35D9CCB0-91AA-4105-8ED8-17753B994835}"
EndProject
Project("{FAE04EC0-301F-11D3-BF4B-00C04F79EFBC}") = "MIDASM.Domain", "src\MIDASM.Domain\MIDASM.Domain.csproj", "{1F2EAB0E-DFD9-4E0E-9544-469A2F773F08}"
EndProject
Project("{FAE04EC0-301F-11D3-BF4B-00C04F79EFBC}") = "MIDASM.Infrastructure", "src\MIDASM.Infrastructure\MIDASM.Infrastructure.csproj", "{AF201C73-43F5-4197-A95B-26F0C5D1B96B}"
EndProject
Project("{FAE04EC0-301F-11D3-BF4B-00C04F79EFBC}") = "MIDASM.Persistence", "src\MIDASM.Persistence\MIDASM.Persistence.csproj", "{F9F15EED-A28D-4EEE-B4C6-F39015A6D9BB}"
EndProject
Project("{2150E333-8FDC-42A3-9474-1A3956D46DE8}") = "tests", "tests", "{8F7C0E48-8DA7-4EA2-A7AB-8C371962A71B}"
EndProject
Project("{FAE04EC0-301F-11D3-BF4B-00C04F79EFBC}") = "MIDARM.Infrastructure.Tests", "tests\MIDARM.Infrastructure.Tests\MIDARM.Infrastructure.Tests.csproj", "{095B07DC-006C-4340-BF14-DFE07AC8BA84}"
EndProject
Project("{FAE04EC0-301F-11D3-BF4B-00C04F79EFBC}") = "MIDARM.Persistence.Tests", "tests\MIDARM.Persistence.Tests\MIDARM.Persistence.Tests.csproj", "{D29792E3-5715-4DAD-8AF0-008EE133F043}"
EndProject
Global
	GlobalSection(SolutionConfigurationPlatforms) = preSolution
		Debug|Any CPU = Debug|Any CPU
		Release|Any CPU = Release|Any CPU
	EndGlobalSection
	GlobalSection(ProjectConfigurationPlatforms) = postSolution
		{3E76FD1B-A126-461F-81F0-629FC5333E8E}.Debug|Any CPU.ActiveCfg = Debug|Any CPU
		{3E76FD1B-A126-461F-81F0-629FC5333E8E}.Debug|Any CPU.Build.0 = Debug|Any CPU
		{3E76FD1B-A126-461F-81F0-629FC5333E8E}.Release|Any CPU.ActiveCfg = Release|Any CPU
		{3E76FD1B-A126-461F-81F0-629FC5333E8E}.Release|Any CPU.Build.0 = Release|Any CPU
		{DFD498F7-7D2E-4786-87AF-3E37CB71F860}.Debug|Any CPU.ActiveCfg = Debug|Any CPU
		{DFD498F7-7D2E-4786-87AF-3E37CB71F860}.Debug|Any CPU.Build.0 = Debug|Any CPU
		{DFD498F7-7D2E-4786-87AF-3E37CB71F860}.Release|Any CPU.ActiveCfg = Release|Any CPU
		{DFD498F7-7D2E-4786-87AF-3E37CB71F860}.Release|Any CPU.Build.0 = Release|Any CPU
		{35D9CCB0-91AA-4105-8ED8-17753B994835}.Debug|Any CPU.ActiveCfg = Debug|Any CPU
		{35D9CCB0-91AA-4105-8ED8-17753B994835}.Debug|Any CPU.Build.0 = Debug|Any CPU
		{35D9CCB0-91AA-4105-8ED8-17753B994835}.Release|Any CPU.ActiveCfg = Release|Any CPU
		{35D9CCB0-91AA-4105-8ED8-17753B994835}.Release|Any CPU.Build.0 = Release|Any CPU
		{1F2EAB0E-DFD9-4E0E-9544-469A2F773F08}.Debug|Any CPU.ActiveCfg = Debug|Any CPU
		{1F2EAB0E-DFD9-4E0E-9544-469A2F773F08}.Debug|Any CPU.Build.0 = Debug|Any CPU
		{1F2EAB0E-DFD9-4E0E-9544-469A2F773F08}.Release|Any CPU.ActiveCfg = Release|Any CPU
		{1F2EAB0E-DFD9-4E0E-9544-469A2F773F08}.Release|Any CPU.Build.0 = Release|Any CPU
		{AF201C73-43F5-4197-A95B-26F0C5D1B96B}.Debug|Any CPU.ActiveCfg = Debug|Any CPU
		{AF201C73-43F5-4197-A95B-26F0C5D1B96B}.Debug|Any CPU.Build.0 = Debug|Any CPU
		{AF201C73-43F5-4197-A95B-26F0C5D1B96B}.Release|Any CPU.ActiveCfg = Release|Any CPU
		{AF201C73-43F5-4197-A95B-26F0C5D1B96B}.Release|Any CPU.Build.0 = Release|Any CPU
		{F9F15EED-A28D-4EEE-B4C6-F39015A6D9BB}.Debug|Any CPU.ActiveCfg = Debug|Any CPU
		{F9F15EED-A28D-4EEE-B4C6-F39015A6D9BB}.Debug|Any CPU.Build.0 = Debug|Any CPU
		{F9F15EED-A28D-4EEE-B4C6-F39015A6D9BB}.Release|Any CPU.ActiveCfg = Release|Any CPU
		{F9F15EED-A28D-4EEE-B4C6-F39015A6D9BB}.Release|Any CPU.Build.0 = Release|Any CPU
		{095B07DC-006C-4340-BF14-DFE07AC8BA84}.Debug|Any CPU.ActiveCfg = Debug|Any CPU
		{095B07DC-006C-4340-BF14-DFE07AC8BA84}.Debug|Any CPU.Build.0 = Debug|Any CPU
		{095B07DC-006C-4340-BF14-DFE07AC8BA84}.Release|Any CPU.ActiveCfg = Release|Any CPU
		{095B07DC-006C-4340-BF14-DFE07AC8BA84}.Release|Any CPU.Build.0 = Release|Any CPU
		{D29792E3-5715-4DAD-8AF0-008EE133F043}.Debug|Any CPU.ActiveCfg = Debug|Any CPU
		{D29792E3-5715-4DAD-8AF0-008EE133F043}.Debug|Any CPU.Build.0 = Debug|Any CPU
		{D29792E3-5715-4DAD-8AF0-008EE133F043}.Release|Any CPU.ActiveCfg = Release|Any CPU
		{D29792E3-5715-4DAD-8AF0-008EE133F043}.Release|Any CPU.Build.0 = Release|Any CPU
	EndGlobalSection
	GlobalSection(SolutionProperties) = preSolution
		HideSolutionNode = FALSE
	EndGlobalSection
	GlobalSection(NestedProjects) = preSolution
		{3E76FD1B-A126-461F-81F0-629FC5333E8E} = {19C6FF6F-E781-461E-992D-8A873B5EDB60}
		{DFD498F7-7D2E-4786-87AF-3E37CB71F860} = {19C6FF6F-E781-461E-992D-8A873B5EDB60}
		{35D9CCB0-91AA-4105-8ED8-17753B994835} = {19C6FF6F-E781-461E-992D-8A873B5EDB60}
		{1F2EAB0E-DFD9-4E0E-9544-469A2F773F08} = {19C6FF6F-E781-461E-992D-8A873B5EDB60}
		{AF201C73-43F5-4197-A95B-26F0C5D1B96B} = {19C6FF6F-E781-461E-992D-8A873B5EDB60}
		{F9F15EED-A28D-4EEE-B4C6-F39015A6D9BB} = {19C6FF6F-E781-461E-992D-8A873B5EDB60}
		{095B07DC-006C-4340-BF14-DFE07AC8BA84} = {8F7C0E48-8DA7-4EA2-A7AB-8C371962A71B}
		{D29792E3-5715-4DAD-8AF0-008EE133F043} = {8F7C0E48-8DA7-4EA2-A7AB-8C371962A71B}
	EndGlobalSection
EndGlobal
